# Code generated by scarb DO NOT EDIT.
version = 1

[[package]]
name = "dojo"
version = "1.0.0-alpha.4"
source = "git+https://github.com/dojoengine/dojo?tag=v1.0.0-alpha.8#d31f81e6aeae01c6bbe7bd5879a5d33551082bcb"
dependencies = [
 "dojo_plugin",
]

[[package]]
name = "dojo_plugin"
version = "1.0.0-alpha.4"
source = "git+https://github.com/dojoengine/dojo?rev=f15def33#f15def330c0d099e79351d11c197f63e8cc1ff36"

[[package]]
name = "haiku_event"
version = "0.1.0"
source = "git+https://github.com/edisontim/haiku#3417ef1c7fcb74bdda10448de5096c01a822147d"
dependencies = [
 "dojo",
]

[[package]]
name = "rpg"
version = "0.0.0"
dependencies = [
 "dojo",
 "haiku_event",
]
